github.com/magefile/mage v1.14.0 h1:6QDX3g6z1YvJ4olPhT1wksUcSa/V0a1B+pJb73fBjyo=
github.com/magefile/mage v1.14.0/go.mod h1:z5UZb/iS3GoOSn0JgWuiw7dxlurVYTu+/jHXqQg881A=
github.com/tetratelabs/wazero v1.7.1 h1:QtSfd6KLc41DIMpDYlJdoMc6k7QTN246DM2+n2Y/Dx8=
github.com/wasilibs/nottinygc v0.4.0 h1:h1TJMihMC4neN6Zq+WKpLxgd9xCFMw7O9ETLwY2exJQ=
