github.com/magefile/mage v1.14.0 h1:6QDX3g6z1YvJ4olPhT1wksUcSa/V0a1B+pJb73fBjyo=
github.com/magefile/mage v1.14.0/go.mod h1:z5UZb/iS3GoOSn0JgWuiw7dxlurVYTu+/jHXqQg881A=
github.com/tetratelabs/wazero v1.0.0-rc.2 h1:OA3UUynnoqxrjCQ94mpAtdO4/oMxFQVNL2BXDMOc66Q=
github.com/tetratelabs/wazero v1.0.0-rc.2/go.mod h1:wYx2gNRg8/WihJfSDxA1TIL8H+GkfLYm+bIfbblu9VQ=
