github.com/magefile/mage v1.15.1-0.20230912152418-9f54e0f83e2a h1:tdPcGgyiH0K+SbsJBBm2oPyEIOTAvLBwD9TuUwVtZho=
github.com/tetratelabs/wazero v1.7.2 h1:1+z5nXJNwMLPAWaTePFi49SSTL0IMx/i3Fg8Yc25GDc=
github.com/tetratelabs/wazero v1.7.2/go.mod h1:ytl6Zuh20R/eROuyDaGPkp82O9C/DJfXAwJfQ3X6/7Y=
github.com/wasilibs/nottinygc v0.4.0 h1:h1TJMihMC4neN6Zq+WKpLxgd9xCFMw7O9ETLwY2exJQ=
github.com/wasilibs/nottinygc v0.4.0/go.mod h1:oDcIotskuYNMpqMF23l7Z8uzD4TC0WXHK8jetlB3HIo=
